
Microsoft Visual Studio Solution File, Format Version 12.00
# Visual Studio Version 17
VisualStudioVersion = 17.8.34330.188
MinimumVisualStudioVersion = 10.0.40219.1
Project("{9A19103F-16F7-4668-BE54-9A1E7A4F7556}") = "ticktock", "ticktock\ticktock.csproj", "{DF961274-28E8-44B0-93A3-9D07C5BD16A1}"
EndProject
Global
	GlobalSection(SolutionConfigurationPlatforms) = preSolution
		Debug|Any CPU = Debug|Any CPU
		Release|Any CPU = Release|Any CPU
	EndGlobalSection
	GlobalSection(ProjectConfigurationPlatforms) = postSolution
		{DF961274-28E8-44B0-93A3-9D07C5BD16A1}.Debug|Any CPU.ActiveCfg = Debug|Any CPU
		{DF961274-28E8-44B0-93A3-9D07C5BD16A1}.Debug|Any CPU.Build.0 = Debug|Any CPU
		{DF961274-28E8-44B0-93A3-9D07C5BD16A1}.Release|Any CPU.ActiveCfg = Release|Any CPU
		{DF961274-28E8-44B0-93A3-9D07C5BD16A1}.Release|Any CPU.Build.0 = Release|Any CPU
	EndGlobalSection
	GlobalSection(SolutionProperties) = preSolution
		HideSolutionNode = FALSE
	EndGlobalSection
	GlobalSection(ExtensibilityGlobals) = postSolution
		SolutionGuid = {4085DA45-05E3-4A5E-9222-8CB8C88EC56B}
	EndGlobalSection
EndGlobal
